# THIS IS AN AUTOGENERATED FILE. DO NOT EDIT THIS FILE DIRECTLY.
# yarn lockfile v1


"@gear-js/ui@^0.5.16":
  version "0.5.16"
  resolved "https://registry.yarnpkg.com/@gear-js/ui/-/ui-0.5.16.tgz#8aac3a44343a6d3afd208b4fbd5f16586419150e"
  integrity sha512-y4WGIQ93TxDNqtMjrd199GgvO3FZi0UTmDDn8+/qyBg/il08Fb0I1wLspHnuVNtCR3CX59kHByxGRPp2lvLPAA==
